
Microsoft Visual Studio Solution File, Format Version 12.00
# Visual Studio Version 17
VisualStudioVersion = 17.7.34024.191
MinimumVisualStudioVersion = 10.0.40219.1
Project("{FAE04EC0-301F-11D3-BF4B-00C04F79EFBC}") = "T2-Ejercicio1-consola", "T2-Ejercicio1-consola\T2-Ejercicio1-consola.csproj", "{57D74A26-9F4F-4E75-8951-41C0AD1A425F}"
EndProject
Global
	GlobalSection(SolutionConfigurationPlatforms) = preSolution
		Debug|Any CPU = Debug|Any CPU
		Release|Any CPU = Release|Any CPU
	EndGlobalSection
	GlobalSection(ProjectConfigurationPlatforms) = postSolution
		{57D74A26-9F4F-4E75-8951-41C0AD1A425F}.Debug|Any CPU.ActiveCfg = Debug|Any CPU
		{57D74A26-9F4F-4E75-8951-41C0AD1A425F}.Debug|Any CPU.Build.0 = Debug|Any CPU
		{57D74A26-9F4F-4E75-8951-41C0AD1A425F}.Release|Any CPU.ActiveCfg = Release|Any CPU
		{57D74A26-9F4F-4E75-8951-41C0AD1A425F}.Release|Any CPU.Build.0 = Release|Any CPU
	EndGlobalSection
	GlobalSection(SolutionProperties) = preSolution
		HideSolutionNode = FALSE
	EndGlobalSection
	GlobalSection(ExtensibilityGlobals) = postSolution
		SolutionGuid = {020E8F1B-84E4-43A8-84EE-BE0E9E1C2057}
	EndGlobalSection
EndGlobal
